
Microsoft Visual Studio Solution File, Format Version 12.00
# Visual Studio 15
VisualStudioVersion = 15.0.28010.2050
MinimumVisualStudioVersion = 10.0.40219.1
Project("{FAE04EC0-301F-11D3-BF4B-00C04F79EFBC}") = "Day5", "Day5\Day5.csproj", "{194139B7-6CF9-4C58-BB9D-92316F0B7008}"
EndProject
Global
	GlobalSection(SolutionConfigurationPlatforms) = preSolution
		Debug|Any CPU = Debug|Any CPU
		Release|Any CPU = Release|Any CPU
	EndGlobalSection
	GlobalSection(ProjectConfigurationPlatforms) = postSolution
		{194139B7-6CF9-4C58-BB9D-92316F0B7008}.Debug|Any CPU.ActiveCfg = Debug|Any CPU
		{194139B7-6CF9-4C58-BB9D-92316F0B7008}.Debug|Any CPU.Build.0 = Debug|Any CPU
		{194139B7-6CF9-4C58-BB9D-92316F0B7008}.Release|Any CPU.ActiveCfg = Release|Any CPU
		{194139B7-6CF9-4C58-BB9D-92316F0B7008}.Release|Any CPU.Build.0 = Release|Any CPU
	EndGlobalSection
	GlobalSection(SolutionProperties) = preSolution
		HideSolutionNode = FALSE
	EndGlobalSection
	GlobalSection(ExtensibilityGlobals) = postSolution
		SolutionGuid = {29E154C6-CE6F-4124-BD58-E454975FE5BA}
	EndGlobalSection
EndGlobal
